
Microsoft Visual Studio Solution File, Format Version 12.00
# Visual Studio Version 16
VisualStudioVersion = 16.0.31402.337
MinimumVisualStudioVersion = 10.0.40219.1
Project("{9A19103F-16F7-4668-BE54-9A1E7A4F7556}") = "DataMigration", "DataMigration\DataMigration.csproj", "{6BCF9A96-B006-4A7E-A22A-E9692288CDFC}"
EndProject
Project("{54435603-DBB4-11D2-8724-00A0C9A8B90C}") = "DataMigrationSetup", "DataMigrationSetup\DataMigrationSetup.vdproj", "{8D27DABC-3816-4B06-8E83-91478CCD6D26}"
EndProject
Global
	GlobalSection(SolutionConfigurationPlatforms) = preSolution
		Debug|Any CPU = Debug|Any CPU
		Release|Any CPU = Release|Any CPU
	EndGlobalSection
	GlobalSection(ProjectConfigurationPlatforms) = postSolution
		{6BCF9A96-B006-4A7E-A22A-E9692288CDFC}.Debug|Any CPU.ActiveCfg = Debug|Any CPU
		{6BCF9A96-B006-4A7E-A22A-E9692288CDFC}.Debug|Any CPU.Build.0 = Debug|Any CPU
		{6BCF9A96-B006-4A7E-A22A-E9692288CDFC}.Release|Any CPU.ActiveCfg = Release|Any CPU
		{6BCF9A96-B006-4A7E-A22A-E9692288CDFC}.Release|Any CPU.Build.0 = Release|Any CPU
		{8D27DABC-3816-4B06-8E83-91478CCD6D26}.Debug|Any CPU.ActiveCfg = Debug
		{8D27DABC-3816-4B06-8E83-91478CCD6D26}.Release|Any CPU.ActiveCfg = Release
	EndGlobalSection
	GlobalSection(SolutionProperties) = preSolution
		HideSolutionNode = FALSE
	EndGlobalSection
	GlobalSection(ExtensibilityGlobals) = postSolution
		SolutionGuid = {DC6C9E7B-BC2B-4532-A7A7-DBA841157FCF}
	EndGlobalSection
EndGlobal
